// !$*UTF8*$!
{
	archiveVersion = 1;
	classes = {
	};
	objectVersion = 77;
	objects = {

/* Begin PBXBuildFile section */
		6A4FDB932F8BAD690069C7B0 /* L.swift in Sources */ = {isa = PBXBuildFile; fileRef = 6A4FDB922F8BAD690069C7B0 /* L.swift */; };
		6A4FDB972F8C15EA0069C7B0 /* DeviceMotionManager.swift in Sources */ = {isa = PBXBuildFile; fileRef = 6A4FDB962F8C15EA0069C7B0 /* DeviceMotionManager.swift */; };
		6A4FDB992F8CECCA0069C7B0 /* StoryBeat.swift in Sources */ = {isa = PBXBuildFile; fileRef = 6A4FDB982F8CECCA0069C7B0 /* StoryBeat.swift */; };
		6A4FDB9B2F8CECDF0069C7B0 /* StoryStore.swift in Sources */ = {isa = PBXBuildFile; fileRef = 6A4FDB9A2F8CECDF0069C7B0 /* StoryStore.swift */; };
		6A4FDB9D2F8CECFE0069C7B0 /* StoryBeatView.swift in Sources */ = {isa = PBXBuildFile; fileRef = 6A4FDB9C2F8CECFE0069C7B0 /* StoryBeatView.swift */; };
		6A4FDB9F2F8CEE700069C7B0 /* NarrativeIntroView.swift in Sources */ = {isa = PBXBuildFile; fileRef = 6A4FDB9E2F8CEE700069C7B0 /* NarrativeIntroView.swift */; };
		6A4FDBA12F8CEE830069C7B0 /* MissionClearanceView.swift in Sources */ = {isa = PBXBuildFile; fileRef = 6A4FDBA02F8CEE830069C7B0 /* MissionClearanceView.swift */; };
		6A72A1CA2F9903A500A26454 /* SignalRoute.storekit in Resources */ = {isa = PBXBuildFile; fileRef = 6A72A1C92F9903A500A26454 /* SignalRoute.storekit */; };
		6A89C9132F8E433500CF3706 /* StoryAssetValidator.swift in Sources */ = {isa = PBXBuildFile; fileRef = 6A89C9122F8E433500CF3706 /* StoryAssetValidator.swift */; };
		6A89C9172F8EA10000CF3706 /* PlayerSkillStore.swift in Sources */ = {isa = PBXBuildFile; fileRef = 6A89C9162F8EA10000CF3706 /* PlayerSkillStore.swift */; };
		6A89C9192F8EA21A00CF3706 /* AdaptiveDifficultyEngine.swift in Sources */ = {isa = PBXBuildFile; fileRef = 6A89C9182F8EA21A00CF3706 /* AdaptiveDifficultyEngine.swift */; };
		6A89C91C2F8EA30000CF3706 /* PaywallMomentSelector.swift in Sources */ = {isa = PBXBuildFile; fileRef = 6A89C91B2F8EA30000CF3706 /* PaywallMomentSelector.swift */; };
		6A89C91E2F8EA40000CF3706 /* SessionTracker.swift in Sources */ = {isa = PBXBuildFile; fileRef = 6A89C91D2F8EA40000CF3706 /* SessionTracker.swift */; };
		6A89C9222F8EA60000CF3706 /* FrustrationGuard.swift in Sources */ = {isa = PBXBuildFile; fileRef = 6A89C9212F8EA60000CF3706 /* FrustrationGuard.swift */; };
		6A8FD3D62F983216001E27EC /* AchievementManager.swift in Sources */ = {isa = PBXBuildFile; fileRef = 6A8FD3D52F983216001E27EC /* AchievementManager.swift */; };
		6AA27C602F92813D00482A03 /* AudioManager.swift in Sources */ = {isa = PBXBuildFile; fileRef = 6AA27C5F2F92813D00482A03 /* AudioManager.swift */; };
		6AA27C622F92848600482A03 /* MusicSynthesizer.swift in Sources */ = {isa = PBXBuildFile; fileRef = 6AA27C612F92848600482A03 /* MusicSynthesizer.swift */; };
		6AB6C43E2F9A766B00A92BE2 /* WidgetKit.framework in Frameworks */ = {isa = PBXBuildFile; fileRef = 6AB6C43D2F9A766B00A92BE2 /* WidgetKit.framework */; };
		6AB6C4402F9A766B00A92BE2 /* SwiftUI.framework in Frameworks */ = {isa = PBXBuildFile; fileRef = 6AB6C43F2F9A766B00A92BE2 /* SwiftUI.framework */; };
		6AB6C44D2F9A766C00A92BE2 /* SignalVoidWidgetsExtension.appex in Embed Foundation Extensions */ = {isa = PBXBuildFile; fileRef = 6AB6C43B2F9A766B00A92BE2 /* SignalVoidWidgetsExtension.appex */; settings = {ATTRIBUTES = (RemoveHeadersOnCopy, ); }; };
		6AE649082F9B8B3C009E9139 /* VersusTestHarness.swift in Sources */ = {isa = PBXBuildFile; fileRef = 6AE649072F9B8B3C009E9139 /* VersusTestHarness.swift */; };
/* End PBXBuildFile section */

/* Begin PBXContainerItemProxy section */
		6A68C0FA2F890D870077D0E0 /* PBXContainerItemProxy */ = {
			isa = PBXContainerItemProxy;
			containerPortal = 6A68C0E42F890D860077D0E0 /* Project object */;
			proxyType = 1;
			remoteGlobalIDString = 6A68C0EB2F890D860077D0E0;
			remoteInfo = geometry;
		};
		6A68C1042F890D870077D0E0 /* PBXContainerItemProxy */ = {
			isa = PBXContainerItemProxy;
			containerPortal = 6A68C0E42F890D860077D0E0 /* Project object */;
			proxyType = 1;
			remoteGlobalIDString = 6A68C0EB2F890D860077D0E0;
			remoteInfo = geometry;
		};
		6AB6C44B2F9A766C00A92BE2 /* PBXContainerItemProxy */ = {
			isa = PBXContainerItemProxy;
			containerPortal = 6A68C0E42F890D860077D0E0 /* Project object */;
			proxyType = 1;
			remoteGlobalIDString = 6AB6C43A2F9A766B00A92BE2;
			remoteInfo = SignalVoidWidgetsExtension;
		};
/* End PBXContainerItemProxy section */

/* Begin PBXCopyFilesBuildPhase section */
		6AB6C4522F9A766C00A92BE2 /* Embed Foundation Extensions */ = {
			isa = PBXCopyFilesBuildPhase;
			buildActionMask = 2147483647;
			dstPath = "";
			dstSubfolderSpec = 13;
			files = (
				6AB6C44D2F9A766C00A92BE2 /* SignalVoidWidgetsExtension.appex in Embed Foundation Extensions */,
			);
			name = "Embed Foundation Extensions";
			runOnlyForDeploymentPostprocessing = 0;
		};
/* End PBXCopyFilesBuildPhase section */

/* Begin PBXFileReference section */
		6A4FDB922F8BAD690069C7B0 /* L.swift */ = {isa = PBXFileReference; lastKnownFileType = sourcecode.swift; path = L.swift; sourceTree = "<group>"; };
		6A4FDB962F8C15EA0069C7B0 /* DeviceMotionManager.swift */ = {isa = PBXFileReference; lastKnownFileType = sourcecode.swift; path = DeviceMotionManager.swift; sourceTree = "<group>"; };
		6A4FDB982F8CECCA0069C7B0 /* StoryBeat.swift */ = {isa = PBXFileReference; lastKnownFileType = sourcecode.swift; path = StoryBeat.swift; sourceTree = "<group>"; };
		6A4FDB9A2F8CECDF0069C7B0 /* StoryStore.swift */ = {isa = PBXFileReference; lastKnownFileType = sourcecode.swift; path = StoryStore.swift; sourceTree = "<group>"; };
		6A4FDB9C2F8CECFE0069C7B0 /* StoryBeatView.swift */ = {isa = PBXFileReference; lastKnownFileType = sourcecode.swift; path = StoryBeatView.swift; sourceTree = "<group>"; };
		6A4FDB9E2F8CEE700069C7B0 /* NarrativeIntroView.swift */ = {isa = PBXFileReference; lastKnownFileType = sourcecode.swift; path = NarrativeIntroView.swift; sourceTree = "<group>"; };
		6A4FDBA02F8CEE830069C7B0 /* MissionClearanceView.swift */ = {isa = PBXFileReference; lastKnownFileType = sourcecode.swift; path = MissionClearanceView.swift; sourceTree = "<group>"; };
		6A68C0EC2F890D860077D0E0 /* geometry.app */ = {isa = PBXFileReference; explicitFileType = wrapper.application; includeInIndex = 0; path = geometry.app; sourceTree = BUILT_PRODUCTS_DIR; };
		6A68C0F92F890D870077D0E0 /* geometryTests.xctest */ = {isa = PBXFileReference; explicitFileType = wrapper.cfbundle; includeInIndex = 0; path = geometryTests.xctest; sourceTree = BUILT_PRODUCTS_DIR; };
		6A68C1032F890D870077D0E0 /* geometryUITests.xctest */ = {isa = PBXFileReference; explicitFileType = wrapper.cfbundle; includeInIndex = 0; path = geometryUITests.xctest; sourceTree = BUILT_PRODUCTS_DIR; };
		6A72A1C92F9903A500A26454 /* SignalRoute.storekit */ = {isa = PBXFileReference; lastKnownFileType = text; path = SignalRoute.storekit; sourceTree = "<group>"; };
		6A89C9122F8E433500CF3706 /* StoryAssetValidator.swift */ = {isa = PBXFileReference; lastKnownFileType = sourcecode.swift; path = StoryAssetValidator.swift; sourceTree = "<group>"; };
		6A89C9162F8EA10000CF3706 /* PlayerSkillStore.swift */ = {isa = PBXFileReference; lastKnownFileType = sourcecode.swift; path = PlayerSkillStore.swift; sourceTree = "<group>"; };
		6A89C9182F8EA21A00CF3706 /* AdaptiveDifficultyEngine.swift */ = {isa = PBXFileReference; lastKnownFileType = sourcecode.swift; path = AdaptiveDifficultyEngine.swift; sourceTree = "<group>"; };
		6A89C91B2F8EA30000CF3706 /* PaywallMomentSelector.swift */ = {isa = PBXFileReference; lastKnownFileType = sourcecode.swift; path = PaywallMomentSelector.swift; sourceTree = "<group>"; };
		6A89C91D2F8EA40000CF3706 /* SessionTracker.swift */ = {isa = PBXFileReference; lastKnownFileType = sourcecode.swift; path = SessionTracker.swift; sourceTree = "<group>"; };
		6A89C9212F8EA60000CF3706 /* FrustrationGuard.swift */ = {isa = PBXFileReference; lastKnownFileType = sourcecode.swift; path = FrustrationGuard.swift; sourceTree = "<group>"; };
		6A8FD3D52F983216001E27EC /* AchievementManager.swift */ = {isa = PBXFileReference; lastKnownFileType = sourcecode.swift; path = AchievementManager.swift; sourceTree = "<group>"; };
		6AA27C5F2F92813D00482A03 /* AudioManager.swift */ = {isa = PBXFileReference; lastKnownFileType = sourcecode.swift; path = AudioManager.swift; sourceTree = "<group>"; };
		6AA27C612F92848600482A03 /* MusicSynthesizer.swift */ = {isa = PBXFileReference; lastKnownFileType = sourcecode.swift; path = MusicSynthesizer.swift; sourceTree = "<group>"; };
		6AB6C4262F9A732700A92BE2 /* WidgetTheme.swift */ = {isa = PBXFileReference; lastKnownFileType = sourcecode.swift; path = WidgetTheme.swift; sourceTree = "<group>"; };
		6AB6C4272F9A732800A92BE2 /* WidgetHelpers.swift */ = {isa = PBXFileReference; lastKnownFileType = sourcecode.swift; path = WidgetHelpers.swift; sourceTree = "<group>"; };
		6AB6C4282F9A739300A92BE2 /* ProgressWidget.swift */ = {isa = PBXFileReference; lastKnownFileType = sourcecode.swift; path = ProgressWidget.swift; sourceTree = "<group>"; };
		6AB6C4292F9A739400A92BE2 /* LeaderboardWidget.swift */ = {isa = PBXFileReference; lastKnownFileType = sourcecode.swift; path = LeaderboardWidget.swift; sourceTree = "<group>"; };
		6AB6C42A2F9A739500A92BE2 /* PlanetPassWidget.swift */ = {isa = PBXFileReference; lastKnownFileType = sourcecode.swift; path = PlanetPassWidget.swift; sourceTree = "<group>"; };
		6AB6C42B2F9A739500A92BE2 /* SignalVoidWidgets.swift */ = {isa = PBXFileReference; lastKnownFileType = sourcecode.swift; path = SignalVoidWidgets.swift; sourceTree = "<group>"; };
		6AB6C42F2F9A740400A92BE2 /* SignalVoidWidgets.entitlements */ = {isa = PBXFileReference; lastKnownFileType = text.plist.entitlements; path = SignalVoidWidgets.entitlements; sourceTree = "<group>"; };
		6AB6C4362F9A747A00A92BE2 /* SharedTypes.swift */ = {isa = PBXFileReference; lastKnownFileType = sourcecode.swift; path = SharedTypes.swift; sourceTree = "<group>"; };
		6AB6C43B2F9A766B00A92BE2 /* SignalVoidWidgetsExtension.appex */ = {isa = PBXFileReference; explicitFileType = "wrapper.app-extension"; includeInIndex = 0; path = SignalVoidWidgetsExtension.appex; sourceTree = BUILT_PRODUCTS_DIR; };
		6AB6C43D2F9A766B00A92BE2 /* WidgetKit.framework */ = {isa = PBXFileReference; lastKnownFileType = wrapper.framework; name = WidgetKit.framework; path = System/Library/Frameworks/WidgetKit.framework; sourceTree = SDKROOT; };
		6AB6C43F2F9A766B00A92BE2 /* SwiftUI.framework */ = {isa = PBXFileReference; lastKnownFileType = wrapper.framework; name = SwiftUI.framework; path = System/Library/Frameworks/SwiftUI.framework; sourceTree = SDKROOT; };
		6AB6C4602F9A7C9A00A92BE2 /* SignalVoidWidgetsExtension.entitlements */ = {isa = PBXFileReference; lastKnownFileType = text.plist.entitlements; path = SignalVoidWidgetsExtension.entitlements; sourceTree = "<group>"; };
		6AE649072F9B8B3C009E9139 /* VersusTestHarness.swift */ = {isa = PBXFileReference; lastKnownFileType = sourcecode.swift; path = VersusTestHarness.swift; sourceTree = "<group>"; };
/* End PBXFileReference section */

/* Begin PBXFileSystemSynchronizedBuildFileExceptionSet section */
		6A72A1CC2F99119500A26454 /* Exceptions for "geometry" folder in "geometry" target */ = {
			isa = PBXFileSystemSynchronizedBuildFileExceptionSet;
			membershipExceptions = (
				Info.plist,
			);
			target = 6A68C0EB2F890D860077D0E0 /* geometry */;
		};
		6AB6C4512F9A766C00A92BE2 /* Exceptions for "SignalVoidWidgets" folder in "SignalVoidWidgetsExtension" target */ = {
			isa = PBXFileSystemSynchronizedBuildFileExceptionSet;
			membershipExceptions = (
				Info.plist,
			);
			target = 6AB6C43A2F9A766B00A92BE2 /* SignalVoidWidgetsExtension */;
		};
/* End PBXFileSystemSynchronizedBuildFileExceptionSet section */

/* Begin PBXFileSystemSynchronizedRootGroup section */
		6A68C0EE2F890D860077D0E0 /* geometry */ = {
			isa = PBXFileSystemSynchronizedRootGroup;
			exceptions = (
				6A72A1CC2F99119500A26454 /* Exceptions for "geometry" folder in "geometry" target */,
			);
			path = geometry;
			sourceTree = "<group>";
		};
		6A68C0FC2F890D870077D0E0 /* geometryTests */ = {
			isa = PBXFileSystemSynchronizedRootGroup;
			path = geometryTests;
			sourceTree = "<group>";
		};
		6A68C1062F890D870077D0E0 /* geometryUITests */ = {
			isa = PBXFileSystemSynchronizedRootGroup;
			path = geometryUITests;
			sourceTree = "<group>";
		};
		6AB6C4412F9A766B00A92BE2 /* SignalVoidWidgets */ = {
			isa = PBXFileSystemSynchronizedRootGroup;
			exceptions = (
				6AB6C4512F9A766C00A92BE2 /* Exceptions for "SignalVoidWidgets" folder in "SignalVoidWidgetsExtension" target */,
			);
			path = SignalVoidWidgets;
			sourceTree = "<group>";
		};
/* End PBXFileSystemSynchronizedRootGroup section */

/* Begin PBXFrameworksBuildPhase section */
		6A68C0E92F890D860077D0E0 /* Frameworks */ = {
			isa = PBXFrameworksBuildPhase;
			buildActionMask = 2147483647;
			files = (
			);
			runOnlyForDeploymentPostprocessing = 0;
		};
		6A68C0F62F890D870077D0E0 /* Frameworks */ = {
			isa = PBXFrameworksBuildPhase;
			buildActionMask = 2147483647;
			files = (
			);
			runOnlyForDeploymentPostprocessing = 0;
		};
		6A68C1002F890D870077D0E0 /* Frameworks */ = {
			isa = PBXFrameworksBuildPhase;
			buildActionMask = 2147483647;
			files = (
			);
			runOnlyForDeploymentPostprocessing = 0;
		};
		6AB6C4382F9A766B00A92BE2 /* Frameworks */ = {
			isa = PBXFrameworksBuildPhase;
			buildActionMask = 2147483647;
			files = (
				6AB6C4402F9A766B00A92BE2 /* SwiftUI.framework in Frameworks */,
				6AB6C43E2F9A766B00A92BE2 /* WidgetKit.framework in Frameworks */,
			);
			runOnlyForDeploymentPostprocessing = 0;
		};
/* End PBXFrameworksBuildPhase section */

/* Begin PBXGroup section */
		6A68C0E32F890D860077D0E0 = {
			isa = PBXGroup;
			children = (
				6AB6C4602F9A7C9A00A92BE2 /* SignalVoidWidgetsExtension.entitlements */,
				6A72A1C92F9903A500A26454 /* SignalRoute.storekit */,
				6A68C0EE2F890D860077D0E0 /* geometry */,
				6A68C0FC2F890D870077D0E0 /* geometryTests */,
				6A68C1062F890D870077D0E0 /* geometryUITests */,
				6AB6C4412F9A766B00A92BE2 /* SignalVoidWidgets */,
				6AB6C43C2F9A766B00A92BE2 /* Frameworks */,
				6A68C0ED2F890D860077D0E0 /* Products */,
				6A4FDB922F8BAD690069C7B0 /* L.swift */,
				6A4FDB962F8C15EA0069C7B0 /* DeviceMotionManager.swift */,
				6A4FDB982F8CECCA0069C7B0 /* StoryBeat.swift */,
				6A4FDB9A2F8CECDF0069C7B0 /* StoryStore.swift */,
				6A4FDB9C2F8CECFE0069C7B0 /* StoryBeatView.swift */,
				6A4FDB9E2F8CEE700069C7B0 /* NarrativeIntroView.swift */,
				6A4FDBA02F8CEE830069C7B0 /* MissionClearanceView.swift */,
				6A89C9122F8E433500CF3706 /* StoryAssetValidator.swift */,
				6A89C9162F8EA10000CF3706 /* PlayerSkillStore.swift */,
				6A89C9182F8EA21A00CF3706 /* AdaptiveDifficultyEngine.swift */,
				6A89C91D2F8EA40000CF3706 /* SessionTracker.swift */,
				6A89C91B2F8EA30000CF3706 /* PaywallMomentSelector.swift */,
				6A89C9212F8EA60000CF3706 /* FrustrationGuard.swift */,
				6AA27C5F2F92813D00482A03 /* AudioManager.swift */,
				6AA27C612F92848600482A03 /* MusicSynthesizer.swift */,
				6A8FD3D52F983216001E27EC /* AchievementManager.swift */,
				6AB6C4232F9A730300A92BE2 /* SignalVoidWidgets */,
				6AE649072F9B8B3C009E9139 /* VersusTestHarness.swift */,
			);
			sourceTree = "<group>";
		};
		6A68C0ED2F890D860077D0E0 /* Products */ = {
			isa = PBXGroup;
			children = (
				6A68C0EC2F890D860077D0E0 /* geometry.app */,
				6A68C0F92F890D870077D0E0 /* geometryTests.xctest */,
				6A68C1032F890D870077D0E0 /* geometryUITests.xctest */,
				6AB6C43B2F9A766B00A92BE2 /* SignalVoidWidgetsExtension.appex */,
			);
			name = Products;
			sourceTree = "<group>";
		};
		6AB6C4232F9A730300A92BE2 /* SignalVoidWidgets */ = {
			isa = PBXGroup;
			children = (
				6AB6C4262F9A732700A92BE2 /* WidgetTheme.swift */,
				6AB6C4272F9A732800A92BE2 /* WidgetHelpers.swift */,
				6AB6C4282F9A739300A92BE2 /* ProgressWidget.swift */,
				6AB6C4292F9A739400A92BE2 /* LeaderboardWidget.swift */,
				6AB6C42A2F9A739500A92BE2 /* PlanetPassWidget.swift */,
				6AB6C42B2F9A739500A92BE2 /* SignalVoidWidgets.swift */,
				6AB6C42F2F9A740400A92BE2 /* SignalVoidWidgets.entitlements */,
				6AB6C4362F9A747A00A92BE2 /* SharedTypes.swift */,
			);
			path = SignalVoidWidgets;
			sourceTree = "<group>";
		};
		6AB6C43C2F9A766B00A92BE2 /* Frameworks */ = {
			isa = PBXGroup;
			children = (
				6AB6C43D2F9A766B00A92BE2 /* WidgetKit.framework */,
				6AB6C43F2F9A766B00A92BE2 /* SwiftUI.framework */,
			);
			name = Frameworks;
			sourceTree = "<group>";
		};
/* End PBXGroup section */

/* Begin PBXNativeTarget section */
		6A68C0EB2F890D860077D0E0 /* geometry */ = {
			isa = PBXNativeTarget;
			buildConfigurationList = 6A68C10D2F890D870077D0E0 /* Build configuration list for PBXNativeTarget "geometry" */;
			buildPhases = (
				6A68C0E82F890D860077D0E0 /* Sources */,
				6A68C0E92F890D860077D0E0 /* Frameworks */,
				6A68C0EA2F890D860077D0E0 /* Resources */,
				6AB6C4522F9A766C00A92BE2 /* Embed Foundation Extensions */,
			);
			buildRules = (
			);
			dependencies = (
				6AB6C44C2F9A766C00A92BE2 /* PBXTargetDependency */,
			);
			fileSystemSynchronizedGroups = (
				6A68C0EE2F890D860077D0E0 /* geometry */,
			);
			name = geometry;
			packageProductDependencies = (
			);
			productName = geometry;
			productReference = 6A68C0EC2F890D860077D0E0 /* geometry.app */;
			productType = "com.apple.product-type.application";
		};
		6A68C0F82F890D870077D0E0 /* geometryTests */ = {
			isa = PBXNativeTarget;
			buildConfigurationList = 6A68C1102F890D870077D0E0 /* Build configuration list for PBXNativeTarget "geometryTests" */;
			buildPhases = (
				6A68C0F52F890D870077D0E0 /* Sources */,
				6A68C0F62F890D870077D0E0 /* Frameworks */,
				6A68C0F72F890D870077D0E0 /* Resources */,
			);
			buildRules = (
			);
			dependencies = (
				6A68C0FB2F890D870077D0E0 /* PBXTargetDependency */,
			);
			fileSystemSynchronizedGroups = (
				6A68C0FC2F890D870077D0E0 /* geometryTests */,
			);
			name = geometryTests;
			packageProductDependencies = (
			);
			productName = geometryTests;
			productReference = 6A68C0F92F890D870077D0E0 /* geometryTests.xctest */;
			productType = "com.apple.product-type.bundle.unit-test";
		};
		6A68C1022F890D870077D0E0 /* geometryUITests */ = {
			isa = PBXNativeTarget;
			buildConfigurationList = 6A68C1132F890D870077D0E0 /* Build configuration list for PBXNativeTarget "geometryUITests" */;
			buildPhases = (
				6A68C0FF2F890D870077D0E0 /* Sources */,
				6A68C1002F890D870077D0E0 /* Frameworks */,
				6A68C1012F890D870077D0E0 /* Resources */,
			);
			buildRules = (
			);
			dependencies = (
				6A68C1052F890D870077D0E0 /* PBXTargetDependency */,
			);
			fileSystemSynchronizedGroups = (
				6A68C1062F890D870077D0E0 /* geometryUITests */,
			);
			name = geometryUITests;
			packageProductDependencies = (
			);
			productName = geometryUITests;
			productReference = 6A68C1032F890D870077D0E0 /* geometryUITests.xctest */;
			productType = "com.apple.product-type.bundle.ui-testing";
		};
		6AB6C43A2F9A766B00A92BE2 /* SignalVoidWidgetsExtension */ = {
			isa = PBXNativeTarget;
			buildConfigurationList = 6AB6C44E2F9A766C00A92BE2 /* Build configuration list for PBXNativeTarget "SignalVoidWidgetsExtension" */;
			buildPhases = (
				6AB6C4372F9A766B00A92BE2 /* Sources */,
				6AB6C4382F9A766B00A92BE2 /* Frameworks */,
				6AB6C4392F9A766B00A92BE2 /* Resources */,
			);
			buildRules = (
			);
			dependencies = (
			);
			fileSystemSynchronizedGroups = (
				6AB6C4412F9A766B00A92BE2 /* SignalVoidWidgets */,
			);
			name = SignalVoidWidgetsExtension;
			packageProductDependencies = (
			);
			productName = SignalVoidWidgetsExtension;
			productReference = 6AB6C43B2F9A766B00A92BE2 /* SignalVoidWidgetsExtension.appex */;
			productType = "com.apple.product-type.app-extension";
		};
/* End PBXNativeTarget section */

/* Begin PBXProject section */
		6A68C0E42F890D860077D0E0 /* Project object */ = {
			isa = PBXProject;
			attributes = {
				BuildIndependentTargetsInParallel = 1;
				LastSwiftUpdateCheck = 2640;
				LastUpgradeCheck = 2640;
				TargetAttributes = {
					6A68C0EB2F890D860077D0E0 = {
						CreatedOnToolsVersion = 26.4;
					};
					6A68C0F82F890D870077D0E0 = {
						CreatedOnToolsVersion = 26.4;
						TestTargetID = 6A68C0EB2F890D860077D0E0;
					};
					6A68C1022F890D870077D0E0 = {
						CreatedOnToolsVersion = 26.4;
						TestTargetID = 6A68C0EB2F890D860077D0E0;
					};
					6AB6C43A2F9A766B00A92BE2 = {
						CreatedOnToolsVersion = 26.4.1;
					};
				};
			};
			buildConfigurationList = 6A68C0E72F890D860077D0E0 /* Build configuration list for PBXProject "geometry" */;
			developmentRegion = en;
			hasScannedForEncodings = 0;
			knownRegions = (
				en,
				Base,
			);
			mainGroup = 6A68C0E32F890D860077D0E0;
			minimizedProjectReferenceProxies = 1;
			preferredProjectObjectVersion = 77;
			productRefGroup = 6A68C0ED2F890D860077D0E0 /* Products */;
			projectDirPath = "";
			projectRoot = "";
			targets = (
				6A68C0EB2F890D860077D0E0 /* geometry */,
				6A68C0F82F890D870077D0E0 /* geometryTests */,
				6A68C1022F890D870077D0E0 /* geometryUITests */,
				6AB6C43A2F9A766B00A92BE2 /* SignalVoidWidgetsExtension */,
			);
		};
/* End PBXProject section */

/* Begin PBXResourcesBuildPhase section */
		6A68C0EA2F890D860077D0E0 /* Resources */ = {
			isa = PBXResourcesBuildPhase;
			buildActionMask = 2147483647;
			files = (
				6A72A1CA2F9903A500A26454 /* SignalRoute.storekit in Resources */,
			);
			runOnlyForDeploymentPostprocessing = 0;
		};
		6A68C0F72F890D870077D0E0 /* Resources */ = {
			isa = PBXResourcesBuildPhase;
			buildActionMask = 2147483647;
			files = (
			);
			runOnlyForDeploymentPostprocessing = 0;
		};
		6A68C1012F890D870077D0E0 /* Resources */ = {
			isa = PBXResourcesBuildPhase;
			buildActionMask = 2147483647;
			files = (
			);
			runOnlyForDeploymentPostprocessing = 0;
		};
		6AB6C4392F9A766B00A92BE2 /* Resources */ = {
			isa = PBXResourcesBuildPhase;
			buildActionMask = 2147483647;
			files = (
			);
			runOnlyForDeploymentPostprocessing = 0;
		};
/* End PBXResourcesBuildPhase section */

/* Begin PBXSourcesBuildPhase section */
		6A68C0E82F890D860077D0E0 /* Sources */ = {
			isa = PBXSourcesBuildPhase;
			buildActionMask = 2147483647;
			files = (
				6A89C9192F8EA21A00CF3706 /* AdaptiveDifficultyEngine.swift in Sources */,
				6AE649082F9B8B3C009E9139 /* VersusTestHarness.swift in Sources */,
				6A89C91E2F8EA40000CF3706 /* SessionTracker.swift in Sources */,
				6A89C91C2F8EA30000CF3706 /* PaywallMomentSelector.swift in Sources */,
				6A89C9222F8EA60000CF3706 /* FrustrationGuard.swift in Sources */,
				6AA27C622F92848600482A03 /* MusicSynthesizer.swift in Sources */,
				6A89C9172F8EA10000CF3706 /* PlayerSkillStore.swift in Sources */,
				6A4FDB9F2F8CEE700069C7B0 /* NarrativeIntroView.swift in Sources */,
				6A4FDB992F8CECCA0069C7B0 /* StoryBeat.swift in Sources */,
				6A4FDB9B2F8CECDF0069C7B0 /* StoryStore.swift in Sources */,
				6A4FDBA12F8CEE830069C7B0 /* MissionClearanceView.swift in Sources */,
				6A8FD3D62F983216001E27EC /* AchievementManager.swift in Sources */,
				6A4FDB9D2F8CECFE0069C7B0 /* StoryBeatView.swift in Sources */,
				6A4FDB972F8C15EA0069C7B0 /* DeviceMotionManager.swift in Sources */,
				6A4FDB932F8BAD690069C7B0 /* L.swift in Sources */,
				6AA27C602F92813D00482A03 /* AudioManager.swift in Sources */,
				6A89C9132F8E433500CF3706 /* StoryAssetValidator.swift in Sources */,
			);
			runOnlyForDeploymentPostprocessing = 0;
		};
		6A68C0F52F890D870077D0E0 /* Sources */ = {
			isa = PBXSourcesBuildPhase;
			buildActionMask = 2147483647;
			files = (
			);
			runOnlyForDeploymentPostprocessing = 0;
		};
		6A68C0FF2F890D870077D0E0 /* Sources */ = {
			isa = PBXSourcesBuildPhase;
			buildActionMask = 2147483647;
			files = (
			);
			runOnlyForDeploymentPostprocessing = 0;
		};
		6AB6C4372F9A766B00A92BE2 /* Sources */ = {
			isa = PBXSourcesBuildPhase;
			buildActionMask = 2147483647;
			files = (
			);
			runOnlyForDeploymentPostprocessing = 0;
		};
/* End PBXSourcesBuildPhase section */

/* Begin PBXTargetDependency section */
		6A68C0FB2F890D870077D0E0 /* PBXTargetDependency */ = {
			isa = PBXTargetDependency;
			target = 6A68C0EB2F890D860077D0E0 /* geometry */;
			targetProxy = 6A68C0FA2F890D870077D0E0 /* PBXContainerItemProxy */;
		};
		6A68C1052F890D870077D0E0 /* PBXTargetDependency */ = {
			isa = PBXTargetDependency;
			target = 6A68C0EB2F890D860077D0E0 /* geometry */;
			targetProxy = 6A68C1042F890D870077D0E0 /* PBXContainerItemProxy */;
		};
		6AB6C44C2F9A766C00A92BE2 /* PBXTargetDependency */ = {
			isa = PBXTargetDependency;
			target = 6AB6C43A2F9A766B00A92BE2 /* SignalVoidWidgetsExtension */;
			targetProxy = 6AB6C44B2F9A766C00A92BE2 /* PBXContainerItemProxy */;
		};
/* End PBXTargetDependency section */

/* Begin XCBuildConfiguration section */
		6A68C10B2F890D870077D0E0 /* Debug */ = {
			isa = XCBuildConfiguration;
			buildSettings = {
				ALWAYS_SEARCH_USER_PATHS = NO;
				ASSETCATALOG_COMPILER_GENERATE_SWIFT_ASSET_SYMBOL_EXTENSIONS = YES;
				CLANG_ANALYZER_NONNULL = YES;
				CLANG_ANALYZER_NUMBER_OBJECT_CONVERSION = YES_AGGRESSIVE;
				CLANG_CXX_LANGUAGE_STANDARD = "gnu++20";
				CLANG_ENABLE_MODULES = YES;
				CLANG_ENABLE_OBJC_ARC = YES;
				CLANG_ENABLE_OBJC_WEAK = YES;
				CLANG_WARN_BLOCK_CAPTURE_AUTORELEASING = YES;
				CLANG_WARN_BOOL_CONVERSION = YES;
				CLANG_WARN_COMMA = YES;
				CLANG_WARN_CONSTANT_CONVERSION = YES;
				CLANG_WARN_DEPRECATED_OBJC_IMPLEMENTATIONS = YES;
				CLANG_WARN_DIRECT_OBJC_ISA_USAGE = YES_ERROR;
				CLANG_WARN_DOCUMENTATION_COMMENTS = YES;
				CLANG_WARN_EMPTY_BODY = YES;
				CLANG_WARN_ENUM_CONVERSION = YES;
				CLANG_WARN_INFINITE_RECURSION = YES;
				CLANG_WARN_INT_CONVERSION = YES;
				CLANG_WARN_NON_LITERAL_NULL_CONVERSION = YES;
				CLANG_WARN_OBJC_IMPLICIT_RETAIN_SELF = YES;
				CLANG_WARN_OBJC_LITERAL_CONVERSION = YES;
				CLANG_WARN_OBJC_ROOT_CLASS = YES_ERROR;
				CLANG_WARN_QUOTED_INCLUDE_IN_FRAMEWORK_HEADER = YES;
				CLANG_WARN_RANGE_LOOP_ANALYSIS = YES;
				CLANG_WARN_STRICT_PROTOTYPES = YES;
				CLANG_WARN_SUSPICIOUS_MOVE = YES;
				CLANG_WARN_UNGUARDED_AVAILABILITY = YES_AGGRESSIVE;
				CLANG_WARN_UNREACHABLE_CODE = YES;
				CLANG_WARN__DUPLICATE_METHOD_MATCH = YES;
				COPY_PHASE_STRIP = NO;
				DEBUG_INFORMATION_FORMAT = dwarf;
				DEVELOPMENT_TEAM = P9FLLA9Z8Q;
				ENABLE_STRICT_OBJC_MSGSEND = YES;
				ENABLE_TESTABILITY = YES;
				ENABLE_USER_SCRIPT_SANDBOXING = YES;
				GCC_C_LANGUAGE_STANDARD = gnu17;
				GCC_DYNAMIC_NO_PIC = NO;
				GCC_NO_COMMON_BLOCKS = YES;
				GCC_OPTIMIZATION_LEVEL = 0;
				GCC_PREPROCESSOR_DEFINITIONS = (
					"DEBUG=1",
					"$(inherited)",
				);
				GCC_WARN_64_TO_32_BIT_CONVERSION = YES;
				GCC_WARN_ABOUT_RETURN_TYPE = YES_ERROR;
				GCC_WARN_UNDECLARED_SELECTOR = YES;
				GCC_WARN_UNINITIALIZED_AUTOS = YES_AGGRESSIVE;
				GCC_WARN_UNUSED_FUNCTION = YES;
				GCC_WARN_UNUSED_VARIABLE = YES;
				IPHONEOS_DEPLOYMENT_TARGET = 26.4;
				LOCALIZATION_PREFERS_STRING_CATALOGS = YES;
				MTL_ENABLE_DEBUG_INFO = INCLUDE_SOURCE;
				MTL_FAST_MATH = YES;
				ONLY_ACTIVE_ARCH = YES;
				SDKROOT = iphoneos;
				SWIFT_ACTIVE_COMPILATION_CONDITIONS = "DEBUG $(inherited)";
				SWIFT_OPTIMIZATION_LEVEL = "-Onone";
			};
			name = Debug;
		};
		6A68C10C2F890D870077D0E0 /* Release */ = {
			isa = XCBuildConfiguration;
			buildSettings = {
				ALWAYS_SEARCH_USER_PATHS = NO;
				ASSETCATALOG_COMPILER_GENERATE_SWIFT_ASSET_SYMBOL_EXTENSIONS = YES;
				CLANG_ANALYZER_NONNULL = YES;
				CLANG_ANALYZER_NUMBER_OBJECT_CONVERSION = YES_AGGRESSIVE;
				CLANG_CXX_LANGUAGE_STANDARD = "gnu++20";
				CLANG_ENABLE_MODULES = YES;
				CLANG_ENABLE_OBJC_ARC = YES;
				CLANG_ENABLE_OBJC_WEAK = YES;
				CLANG_WARN_BLOCK_CAPTURE_AUTORELEASING = YES;
				CLANG_WARN_BOOL_CONVERSION = YES;
				CLANG_WARN_COMMA = YES;
				CLANG_WARN_CONSTANT_CONVERSION = YES;
				CLANG_WARN_DEPRECATED_OBJC_IMPLEMENTATIONS = YES;
				CLANG_WARN_DIRECT_OBJC_ISA_USAGE = YES_ERROR;
				CLANG_WARN_DOCUMENTATION_COMMENTS = YES;
				CLANG_WARN_EMPTY_BODY = YES;
				CLANG_WARN_ENUM_CONVERSION = YES;
				CLANG_WARN_INFINITE_RECURSION = YES;
				CLANG_WARN_INT_CONVERSION = YES;
				CLANG_WARN_NON_LITERAL_NULL_CONVERSION = YES;
				CLANG_WARN_OBJC_IMPLICIT_RETAIN_SELF = YES;
				CLANG_WARN_OBJC_LITERAL_CONVERSION = YES;
				CLANG_WARN_OBJC_ROOT_CLASS = YES_ERROR;
				CLANG_WARN_QUOTED_INCLUDE_IN_FRAMEWORK_HEADER = YES;
				CLANG_WARN_RANGE_LOOP_ANALYSIS = YES;
				CLANG_WARN_STRICT_PROTOTYPES = YES;
				CLANG_WARN_SUSPICIOUS_MOVE = YES;
				CLANG_WARN_UNGUARDED_AVAILABILITY = YES_AGGRESSIVE;
				CLANG_WARN_UNREACHABLE_CODE = YES;
				CLANG_WARN__DUPLICATE_METHOD_MATCH = YES;
				COPY_PHASE_STRIP = NO;
				DEBUG_INFORMATION_FORMAT = "dwarf-with-dsym";
				DEVELOPMENT_TEAM = P9FLLA9Z8Q;
				ENABLE_NS_ASSERTIONS = NO;
				ENABLE_STRICT_OBJC_MSGSEND = YES;
				ENABLE_USER_SCRIPT_SANDBOXING = YES;
				GCC_C_LANGUAGE_STANDARD = gnu17;
				GCC_NO_COMMON_BLOCKS = YES;
				GCC_WARN_64_TO_32_BIT_CONVERSION = YES;
				GCC_WARN_ABOUT_RETURN_TYPE = YES_ERROR;
				GCC_WARN_UNDECLARED_SELECTOR = YES;
				GCC_WARN_UNINITIALIZED_AUTOS = YES_AGGRESSIVE;
				GCC_WARN_UNUSED_FUNCTION = YES;
				GCC_WARN_UNUSED_VARIABLE = YES;
				IPHONEOS_DEPLOYMENT_TARGET = 26.4;
				LOCALIZATION_PREFERS_STRING_CATALOGS = YES;
				MTL_ENABLE_DEBUG_INFO = NO;
				MTL_FAST_MATH = YES;
				SDKROOT = iphoneos;
				SWIFT_COMPILATION_MODE = wholemodule;
				VALIDATE_PRODUCT = YES;
			};
			name = Release;
		};
		6A68C10E2F890D870077D0E0 /* Debug */ = {
			isa = XCBuildConfiguration;
			buildSettings = {
				ASSETCATALOG_COMPILER_APPICON_NAME = AppIcon;
				ASSETCATALOG_COMPILER_GLOBAL_ACCENT_COLOR_NAME = AccentColor;
				CODE_SIGN_ENTITLEMENTS = geometry/geometry.entitlements;
				CODE_SIGN_STYLE = Automatic;
				CURRENT_PROJECT_VERSION = 1;
				DEVELOPMENT_TEAM = R2NTD25VWF;
				ENABLE_PREVIEWS = YES;
				GENERATE_INFOPLIST_FILE = YES;
				INFOPLIST_FILE = geometry/Info.plist;
				INFOPLIST_KEY_CFBundleDisplayName = "Signal Void";
				INFOPLIST_KEY_ITSAppUsesNonExemptEncryption = NO;
				INFOPLIST_KEY_LSApplicationCategoryType = "public.app-category.arcade-games";
				INFOPLIST_KEY_UIApplicationSceneManifest_Generation = YES;
				INFOPLIST_KEY_UIApplicationSupportsIndirectInputEvents = YES;
				INFOPLIST_KEY_UILaunchScreen_Generation = YES;
				INFOPLIST_KEY_UISupportedInterfaceOrientations = UIInterfaceOrientationPortrait;
				INFOPLIST_KEY_UISupportedInterfaceOrientations_iPad = "UIInterfaceOrientationLandscapeLeft UIInterfaceOrientationLandscapeRight UIInterfaceOrientationPortrait UIInterfaceOrientationPortraitUpsideDown";
				IPHONEOS_DEPLOYMENT_TARGET = 26.0;
				LD_RUNPATH_SEARCH_PATHS = (
					"$(inherited)",
					"@executable_path/Frameworks",
				);
				MARKETING_VERSION = 1.0.5;
				PRODUCT_BUNDLE_IDENTIFIER = com.marcosnovo.signalvoidgame;
				PRODUCT_NAME = "$(TARGET_NAME)";
				STRING_CATALOG_GENERATE_SYMBOLS = YES;
				SWIFT_APPROACHABLE_CONCURRENCY = YES;
				SWIFT_DEFAULT_ACTOR_ISOLATION = MainActor;
				SWIFT_EMIT_LOC_STRINGS = YES;
				SWIFT_UPCOMING_FEATURE_MEMBER_IMPORT_VISIBILITY = YES;
				SWIFT_VERSION = 5.0;
				TARGETED_DEVICE_FAMILY = "1,2";
			};
			name = Debug;
		};
		6A68C10F2F890D870077D0E0 /* Release */ = {
			isa = XCBuildConfiguration;
			buildSettings = {
				ASSETCATALOG_COMPILER_APPICON_NAME = AppIcon;
				ASSETCATALOG_COMPILER_GLOBAL_ACCENT_COLOR_NAME = AccentColor;
				CODE_SIGN_ENTITLEMENTS = geometry/geometry.entitlements;
				CODE_SIGN_STYLE = Automatic;
				CURRENT_PROJECT_VERSION = 1;
				DEVELOPMENT_TEAM = R2NTD25VWF;
				ENABLE_PREVIEWS = YES;
				GENERATE_INFOPLIST_FILE = YES;
				INFOPLIST_FILE = geometry/Info.plist;
				INFOPLIST_KEY_CFBundleDisplayName = "Signal Void";
				INFOPLIST_KEY_ITSAppUsesNonExemptEncryption = NO;
				INFOPLIST_KEY_LSApplicationCategoryType = "public.app-category.arcade-games";
				INFOPLIST_KEY_UIApplicationSceneManifest_Generation = YES;
				INFOPLIST_KEY_UIApplicationSupportsIndirectInputEvents = YES;
				INFOPLIST_KEY_UILaunchScreen_Generation = YES;
				INFOPLIST_KEY_UISupportedInterfaceOrientations = UIInterfaceOrientationPortrait;
				INFOPLIST_KEY_UISupportedInterfaceOrientations_iPad = "UIInterfaceOrientationLandscapeLeft UIInterfaceOrientationLandscapeRight UIInterfaceOrientationPortrait UIInterfaceOrientationPortraitUpsideDown";
				IPHONEOS_DEPLOYMENT_TARGET = 26.0;
				LD_RUNPATH_SEARCH_PATHS = (
					"$(inherited)",
					"@executable_path/Frameworks",
				);
				MARKETING_VERSION = 1.0.5;
				PRODUCT_BUNDLE_IDENTIFIER = com.marcosnovo.signalvoidgame;
				PRODUCT_NAME = "$(TARGET_NAME)";
				STRING_CATALOG_GENERATE_SYMBOLS = YES;
				SWIFT_APPROACHABLE_CONCURRENCY = YES;
				SWIFT_DEFAULT_ACTOR_ISOLATION = MainActor;
				SWIFT_EMIT_LOC_STRINGS = YES;
				SWIFT_UPCOMING_FEATURE_MEMBER_IMPORT_VISIBILITY = YES;
				SWIFT_VERSION = 5.0;
				TARGETED_DEVICE_FAMILY = "1,2";
			};
			name = Release;
		};
		6A68C1112F890D870077D0E0 /* Debug */ = {
			isa = XCBuildConfiguration;
			buildSettings = {
				BUNDLE_LOADER = "$(TEST_HOST)";
				CODE_SIGN_STYLE = Automatic;
				CURRENT_PROJECT_VERSION = 1;
				DEVELOPMENT_TEAM = P9FLLA9Z8Q;
				GENERATE_INFOPLIST_FILE = YES;
				IPHONEOS_DEPLOYMENT_TARGET = 26.4;
				MARKETING_VERSION = 1.0.5;
				PRODUCT_BUNDLE_IDENTIFIER = MarcosNovo.geometryTests;
				PRODUCT_NAME = "$(TARGET_NAME)";
				STRING_CATALOG_GENERATE_SYMBOLS = NO;
				SWIFT_APPROACHABLE_CONCURRENCY = YES;
				SWIFT_EMIT_LOC_STRINGS = NO;
				SWIFT_UPCOMING_FEATURE_MEMBER_IMPORT_VISIBILITY = YES;
				SWIFT_VERSION = 5.0;
				TARGETED_DEVICE_FAMILY = "1,2";
				TEST_HOST = "$(BUILT_PRODUCTS_DIR)/geometry.app/$(BUNDLE_EXECUTABLE_FOLDER_PATH)/geometry";
			};
			name = Debug;
		};
		6A68C1122F890D870077D0E0 /* Release */ = {
			isa = XCBuildConfiguration;
			buildSettings = {
				BUNDLE_LOADER = "$(TEST_HOST)";
				CODE_SIGN_STYLE = Automatic;
				CURRENT_PROJECT_VERSION = 1;
				DEVELOPMENT_TEAM = P9FLLA9Z8Q;
				GENERATE_INFOPLIST_FILE = YES;
				IPHONEOS_DEPLOYMENT_TARGET = 26.4;
				MARKETING_VERSION = 1.0.5;
				PRODUCT_BUNDLE_IDENTIFIER = MarcosNovo.geometryTests;
				PRODUCT_NAME = "$(TARGET_NAME)";
				STRING_CATALOG_GENERATE_SYMBOLS = NO;
				SWIFT_APPROACHABLE_CONCURRENCY = YES;
				SWIFT_EMIT_LOC_STRINGS = NO;
				SWIFT_UPCOMING_FEATURE_MEMBER_IMPORT_VISIBILITY = YES;
				SWIFT_VERSION = 5.0;
				TARGETED_DEVICE_FAMILY = "1,2";
				TEST_HOST = "$(BUILT_PRODUCTS_DIR)/geometry.app/$(BUNDLE_EXECUTABLE_FOLDER_PATH)/geometry";
			};
			name = Release;
		};
		6A68C1142F890D870077D0E0 /* Debug */ = {
			isa = XCBuildConfiguration;
			buildSettings = {
				CODE_SIGN_STYLE = Automatic;
				CURRENT_PROJECT_VERSION = 1;
				DEVELOPMENT_TEAM = P9FLLA9Z8Q;
				GENERATE_INFOPLIST_FILE = YES;
				MARKETING_VERSION = 1.0.5;
				PRODUCT_BUNDLE_IDENTIFIER = MarcosNovo.geometryUITests;
				PRODUCT_NAME = "$(TARGET_NAME)";
				STRING_CATALOG_GENERATE_SYMBOLS = NO;
				SWIFT_APPROACHABLE_CONCURRENCY = YES;
				SWIFT_EMIT_LOC_STRINGS = NO;
				SWIFT_UPCOMING_FEATURE_MEMBER_IMPORT_VISIBILITY = YES;
				SWIFT_VERSION = 5.0;
				TARGETED_DEVICE_FAMILY = "1,2";
				TEST_TARGET_NAME = geometry;
			};
			name = Debug;
		};
		6A68C1152F890D870077D0E0 /* Release */ = {
			isa = XCBuildConfiguration;
			buildSettings = {
				CODE_SIGN_STYLE = Automatic;
				CURRENT_PROJECT_VERSION = 1;
				DEVELOPMENT_TEAM = P9FLLA9Z8Q;
				GENERATE_INFOPLIST_FILE = YES;
				MARKETING_VERSION = 1.0.5;
				PRODUCT_BUNDLE_IDENTIFIER = MarcosNovo.geometryUITests;
				PRODUCT_NAME = "$(TARGET_NAME)";
				STRING_CATALOG_GENERATE_SYMBOLS = NO;
				SWIFT_APPROACHABLE_CONCURRENCY = YES;
				SWIFT_EMIT_LOC_STRINGS = NO;
				SWIFT_UPCOMING_FEATURE_MEMBER_IMPORT_VISIBILITY = YES;
				SWIFT_VERSION = 5.0;
				TARGETED_DEVICE_FAMILY = "1,2";
				TEST_TARGET_NAME = geometry;
			};
			name = Release;
		};
		6AB6C44F2F9A766C00A92BE2 /* Debug */ = {
			isa = XCBuildConfiguration;
			buildSettings = {
				ASSETCATALOG_COMPILER_GLOBAL_ACCENT_COLOR_NAME = AccentColor;
				ASSETCATALOG_COMPILER_WIDGET_BACKGROUND_COLOR_NAME = WidgetBackground;
				CODE_SIGN_ENTITLEMENTS = SignalVoidWidgetsExtension.entitlements;
				CODE_SIGN_STYLE = Automatic;
				CURRENT_PROJECT_VERSION = 1;
				DEVELOPMENT_TEAM = R2NTD25VWF;
				GENERATE_INFOPLIST_FILE = YES;
				INFOPLIST_FILE = SignalVoidWidgets/Info.plist;
				INFOPLIST_KEY_CFBundleDisplayName = SignalVoidWidgets;
				INFOPLIST_KEY_NSHumanReadableCopyright = "";
				LD_RUNPATH_SEARCH_PATHS = (
					"$(inherited)",
					"@executable_path/Frameworks",
					"@executable_path/../../Frameworks",
				);
				MARKETING_VERSION = 1.0.5;
				PRODUCT_BUNDLE_IDENTIFIER = com.marcosnovo.signalvoidgame.SignalVoidWidgets;
				PRODUCT_NAME = "$(TARGET_NAME)";
				SKIP_INSTALL = YES;
				STRING_CATALOG_GENERATE_SYMBOLS = YES;
				SWIFT_APPROACHABLE_CONCURRENCY = YES;
				SWIFT_EMIT_LOC_STRINGS = YES;
				SWIFT_UPCOMING_FEATURE_MEMBER_IMPORT_VISIBILITY = YES;
				SWIFT_VERSION = 5.0;
				TARGETED_DEVICE_FAMILY = "1,2";
			};
			name = Debug;
		};
		6AB6C4502F9A766C00A92BE2 /* Release */ = {
			isa = XCBuildConfiguration;
			buildSettings = {
				ASSETCATALOG_COMPILER_GLOBAL_ACCENT_COLOR_NAME = AccentColor;
				ASSETCATALOG_COMPILER_WIDGET_BACKGROUND_COLOR_NAME = WidgetBackground;
				CODE_SIGN_ENTITLEMENTS = SignalVoidWidgetsExtension.entitlements;
				CODE_SIGN_STYLE = Automatic;
				CURRENT_PROJECT_VERSION = 1;
				DEVELOPMENT_TEAM = R2NTD25VWF;
				GENERATE_INFOPLIST_FILE = YES;
				INFOPLIST_FILE = SignalVoidWidgets/Info.plist;
				INFOPLIST_KEY_CFBundleDisplayName = SignalVoidWidgets;
				INFOPLIST_KEY_NSHumanReadableCopyright = "";
				LD_RUNPATH_SEARCH_PATHS = (
					"$(inherited)",
					"@executable_path/Frameworks",
					"@executable_path/../../Frameworks",
				);
				MARKETING_VERSION = 1.0.5;
				PRODUCT_BUNDLE_IDENTIFIER = com.marcosnovo.signalvoidgame.SignalVoidWidgets;
				PRODUCT_NAME = "$(TARGET_NAME)";
				SKIP_INSTALL = YES;
				STRING_CATALOG_GENERATE_SYMBOLS = YES;
				SWIFT_APPROACHABLE_CONCURRENCY = YES;
				SWIFT_EMIT_LOC_STRINGS = YES;
				SWIFT_UPCOMING_FEATURE_MEMBER_IMPORT_VISIBILITY = YES;
				SWIFT_VERSION = 5.0;
				TARGETED_DEVICE_FAMILY = "1,2";
			};
			name = Release;
		};
/* End XCBuildConfiguration section */

/* Begin XCConfigurationList section */
		6A68C0E72F890D860077D0E0 /* Build configuration list for PBXProject "geometry" */ = {
			isa = XCConfigurationList;
			buildConfigurations = (
				6A68C10B2F890D870077D0E0 /* Debug */,
				6A68C10C2F890D870077D0E0 /* Release */,
			);
			defaultConfigurationIsVisible = 0;
			defaultConfigurationName = Release;
		};
		6A68C10D2F890D870077D0E0 /* Build configuration list for PBXNativeTarget "geometry" */ = {
			isa = XCConfigurationList;
			buildConfigurations = (
				6A68C10E2F890D870077D0E0 /* Debug */,
				6A68C10F2F890D870077D0E0 /* Release */,
			);
			defaultConfigurationIsVisible = 0;
			defaultConfigurationName = Release;
		};
		6A68C1102F890D870077D0E0 /* Build configuration list for PBXNativeTarget "geometryTests" */ = {
			isa = XCConfigurationList;
			buildConfigurations = (
				6A68C1112F890D870077D0E0 /* Debug */,
				6A68C1122F890D870077D0E0 /* Release */,
			);
			defaultConfigurationIsVisible = 0;
			defaultConfigurationName = Release;
		};
		6A68C1132F890D870077D0E0 /* Build configuration list for PBXNativeTarget "geometryUITests" */ = {
			isa = XCConfigurationList;
			buildConfigurations = (
				6A68C1142F890D870077D0E0 /* Debug */,
				6A68C1152F890D870077D0E0 /* Release */,
			);
			defaultConfigurationIsVisible = 0;
			defaultConfigurationName = Release;
		};
		6AB6C44E2F9A766C00A92BE2 /* Build configuration list for PBXNativeTarget "SignalVoidWidgetsExtension" */ = {
			isa = XCConfigurationList;
			buildConfigurations = (
				6AB6C44F2F9A766C00A92BE2 /* Debug */,
				6AB6C4502F9A766C00A92BE2 /* Release */,
			);
			defaultConfigurationIsVisible = 0;
			defaultConfigurationName = Release;
		};
/* End XCConfigurationList section */
	};
	rootObject = 6A68C0E42F890D860077D0E0 /* Project object */;
}
